
Microsoft Visual Studio Solution File, Format Version 12.00
# Visual Studio Version 17
VisualStudioVersion = 17.13.35825.156 d17.13
MinimumVisualStudioVersion = 10.0.40219.1
Project("{FAE04EC0-301F-11D3-BF4B-00C04F79EFBC}") = "ConsoleApp1", "ConsoleApp1\ConsoleApp1.csproj", "{CD19A8A5-7601-4D7E-88AC-43571E6AC789}"
EndProject
Global
	GlobalSection(SolutionConfigurationPlatforms) = preSolution
		Debug|Any CPU = Debug|Any CPU
		Release|Any CPU = Release|Any CPU
	EndGlobalSection
	GlobalSection(ProjectConfigurationPlatforms) = postSolution
		{CD19A8A5-7601-4D7E-88AC-43571E6AC789}.Debug|Any CPU.ActiveCfg = Debug|Any CPU
		{CD19A8A5-7601-4D7E-88AC-43571E6AC789}.Debug|Any CPU.Build.0 = Debug|Any CPU
		{CD19A8A5-7601-4D7E-88AC-43571E6AC789}.Release|Any CPU.ActiveCfg = Release|Any CPU
		{CD19A8A5-7601-4D7E-88AC-43571E6AC789}.Release|Any CPU.Build.0 = Release|Any CPU
	EndGlobalSection
	GlobalSection(SolutionProperties) = preSolution
		HideSolutionNode = FALSE
	EndGlobalSection
	GlobalSection(ExtensibilityGlobals) = postSolution
		SolutionGuid = {850465D8-77A0-42A9-841B-585B48F5D790}
	EndGlobalSection
EndGlobal
